// !$*UTF8*$!
{
	archiveVersion = 1;
	classes = {
	};
	objectVersion = 46;
	objects = {

/* Begin PBXBuildFile section */
		F4862C891EF2AB8400DCA238 /* scanButton.swift in Sources */ = {isa = PBXBuildFile; fileRef = F4862C881EF2AB8400DCA238 /* scanButton.swift */; };
		F49136871EF0098800F8130F /* AppDelegate.swift in Sources */ = {isa = PBXBuildFile; fileRef = F49136861EF0098800F8130F /* AppDelegate.swift */; };
		F491368C1EF0098800F8130F /* Main.storyboard in Resources */ = {isa = PBXBuildFile; fileRef = F491368A1EF0098800F8130F /* Main.storyboard */; };
		F491368E1EF0098800F8130F /* Assets.xcassets in Resources */ = {isa = PBXBuildFile; fileRef = F491368D1EF0098800F8130F /* Assets.xcassets */; };
		F49136911EF0098800F8130F /* LaunchScreen.storyboard in Resources */ = {isa = PBXBuildFile; fileRef = F491368F1EF0098800F8130F /* LaunchScreen.storyboard */; };
		F49136991EF00C7000F8130F /* DeviceTableViewCell.swift in Sources */ = {isa = PBXBuildFile; fileRef = F49136981EF00C7000F8130F /* DeviceTableViewCell.swift */; };
		F491369B1EF02D6E00F8130F /* PeripheralViewController.swift in Sources */ = {isa = PBXBuildFile; fileRef = F491369A1EF02D6E00F8130F /* PeripheralViewController.swift */; };
		F491369D1EF1330D00F8130F /* PeripheralConnectedViewController.swift in Sources */ = {isa = PBXBuildFile; fileRef = F491369C1EF1330D00F8130F /* PeripheralConnectedViewController.swift */; };
		F491369F1EF179E900F8130F /* ServiceTableViewCell.swift in Sources */ = {isa = PBXBuildFile; fileRef = F491369E1EF179E900F8130F /* ServiceTableViewCell.swift */; };
		F49136A11EF17DA600F8130F /* PulseAnimationExtension.swift in Sources */ = {isa = PBXBuildFile; fileRef = F49136A01EF17DA600F8130F /* PulseAnimationExtension.swift */; };
		F49136A31EF17EA800F8130F /* BluetoothColorExtension.swift in Sources */ = {isa = PBXBuildFile; fileRef = F49136A21EF17EA800F8130F /* BluetoothColorExtension.swift */; };
		F49136A61EF17FFA00F8130F /* CoreBluetooth.framework in Frameworks */ = {isa = PBXBuildFile; fileRef = F49136A51EF17FFA00F8130F /* CoreBluetooth.framework */; };
/* End PBXBuildFile section */

/* Begin PBXFileReference section */
		F4862C881EF2AB8400DCA238 /* scanButton.swift */ = {isa = PBXFileReference; fileEncoding = 4; lastKnownFileType = sourcecode.swift; path = scanButton.swift; sourceTree = "<group>"; };
		F49136831EF0098800F8130F /* ScannerBLE.app */ = {isa = PBXFileReference; explicitFileType = wrapper.application; includeInIndex = 0; path = ScannerBLE.app; sourceTree = BUILT_PRODUCTS_DIR; };
		F49136861EF0098800F8130F /* AppDelegate.swift */ = {isa = PBXFileReference; lastKnownFileType = sourcecode.swift; path = AppDelegate.swift; sourceTree = "<group>"; };
		F491368B1EF0098800F8130F /* Base */ = {isa = PBXFileReference; lastKnownFileType = file.storyboard; name = Base; path = Base.lproj/Main.storyboard; sourceTree = "<group>"; };
		F491368D1EF0098800F8130F /* Assets.xcassets */ = {isa = PBXFileReference; lastKnownFileType = folder.assetcatalog; path = Assets.xcassets; sourceTree = "<group>"; };
		F49136901EF0098800F8130F /* Base */ = {isa = PBXFileReference; lastKnownFileType = file.storyboard; name = Base; path = Base.lproj/LaunchScreen.storyboard; sourceTree = "<group>"; };
		F49136921EF0098800F8130F /* Info.plist */ = {isa = PBXFileReference; lastKnownFileType = text.plist.xml; path = Info.plist; sourceTree = "<group>"; };
		F49136981EF00C7000F8130F /* DeviceTableViewCell.swift */ = {isa = PBXFileReference; fileEncoding = 4; lastKnownFileType = sourcecode.swift; path = DeviceTableViewCell.swift; sourceTree = "<group>"; };
		F491369A1EF02D6E00F8130F /* PeripheralViewController.swift */ = {isa = PBXFileReference; fileEncoding = 4; lastKnownFileType = sourcecode.swift; path = PeripheralViewController.swift; sourceTree = "<group>"; };
		F491369C1EF1330D00F8130F /* PeripheralConnectedViewController.swift */ = {isa = PBXFileReference; fileEncoding = 4; lastKnownFileType = sourcecode.swift; path = PeripheralConnectedViewController.swift; sourceTree = "<group>"; };
		F491369E1EF179E900F8130F /* ServiceTableViewCell.swift */ = {isa = PBXFileReference; fileEncoding = 4; lastKnownFileType = sourcecode.swift; path = ServiceTableViewCell.swift; sourceTree = "<group>"; };
		F49136A01EF17DA600F8130F /* PulseAnimationExtension.swift */ = {isa = PBXFileReference; fileEncoding = 4; lastKnownFileType = sourcecode.swift; path = PulseAnimationExtension.swift; sourceTree = "<group>"; };
		F49136A21EF17EA800F8130F /* BluetoothColorExtension.swift */ = {isa = PBXFileReference; fileEncoding = 4; lastKnownFileType = sourcecode.swift; path = BluetoothColorExtension.swift; sourceTree = "<group>"; };
		F49136A51EF17FFA00F8130F /* CoreBluetooth.framework */ = {isa = PBXFileReference; lastKnownFileType = wrapper.framework; name = CoreBluetooth.framework; path = System/Library/Frameworks/CoreBluetooth.framework; sourceTree = SDKROOT; };
/* End PBXFileReference section */

/* Begin PBXFrameworksBuildPhase section */
		F49136801EF0098800F8130F /* Frameworks */ = {
			isa = PBXFrameworksBuildPhase;
			buildActionMask = 2147483647;
			files = (
				F49136A61EF17FFA00F8130F /* CoreBluetooth.framework in Frameworks */,
			);
			runOnlyForDeploymentPostprocessing = 0;
		};
/* End PBXFrameworksBuildPhase section */

/* Begin PBXGroup section */
		F491367A1EF0098800F8130F = {
			isa = PBXGroup;
			children = (
				F49136851EF0098800F8130F /* ScannerBLE */,
				F49136841EF0098800F8130F /* Products */,
				F49136A41EF17FFA00F8130F /* Frameworks */,
			);
			sourceTree = "<group>";
		};
		F49136841EF0098800F8130F /* Products */ = {
			isa = PBXGroup;
			children = (
				F49136831EF0098800F8130F /* ScannerBLE.app */,
			);
			name = Products;
			sourceTree = "<group>";
		};
		F49136851EF0098800F8130F /* ScannerBLE */ = {
			isa = PBXGroup;
			children = (
				F49136861EF0098800F8130F /* AppDelegate.swift */,
				F491369A1EF02D6E00F8130F /* PeripheralViewController.swift */,
				F491369C1EF1330D00F8130F /* PeripheralConnectedViewController.swift */,
				F491369E1EF179E900F8130F /* ServiceTableViewCell.swift */,
				F49136981EF00C7000F8130F /* DeviceTableViewCell.swift */,
				F491368A1EF0098800F8130F /* Main.storyboard */,
				F491368D1EF0098800F8130F /* Assets.xcassets */,
				F491368F1EF0098800F8130F /* LaunchScreen.storyboard */,
				F49136921EF0098800F8130F /* Info.plist */,
				F49136A01EF17DA600F8130F /* PulseAnimationExtension.swift */,
				F49136A21EF17EA800F8130F /* BluetoothColorExtension.swift */,
				F4862C881EF2AB8400DCA238 /* scanButton.swift */,
			);
			path = ScannerBLE;
			sourceTree = "<group>";
		};
		F49136A41EF17FFA00F8130F /* Frameworks */ = {
			isa = PBXGroup;
			children = (
				F49136A51EF17FFA00F8130F /* CoreBluetooth.framework */,
			);
			name = Frameworks;
			sourceTree = "<group>";
		};
/* End PBXGroup section */

/* Begin PBXNativeTarget section */
		F49136821EF0098800F8130F /* ScannerBLE */ = {
			isa = PBXNativeTarget;
			buildConfigurationList = F49136951EF0098800F8130F /* Build configuration list for PBXNativeTarget "ScannerBLE" */;
			buildPhases = (
				F491367F1EF0098800F8130F /* Sources */,
				F49136801EF0098800F8130F /* Frameworks */,
				F49136811EF0098800F8130F /* Resources */,
			);
			buildRules = (
			);
			dependencies = (
			);
			name = ScannerBLE;
			productName = ScannerBLE;
			productReference = F49136831EF0098800F8130F /* ScannerBLE.app */;
			productType = "com.apple.product-type.application";
		};
/* End PBXNativeTarget section */

/* Begin PBXProject section */
		F491367B1EF0098800F8130F /* Project object */ = {
			isa = PBXProject;
			attributes = {
				LastSwiftUpdateCheck = 0830;
				LastUpgradeCheck = 0830;
				ORGANIZATIONNAME = "Simon BAUMANN";
				TargetAttributes = {
					F49136821EF0098800F8130F = {
						CreatedOnToolsVersion = 8.3.2;
						DevelopmentTeam = 8524TVVVVK;
						ProvisioningStyle = Automatic;
					};
				};
			};
			buildConfigurationList = F491367E1EF0098800F8130F /* Build configuration list for PBXProject "ScannerBLE" */;
			compatibilityVersion = "Xcode 3.2";
			developmentRegion = English;
			hasScannedForEncodings = 0;
			knownRegions = (
				en,
				Base,
			);
			mainGroup = F491367A1EF0098800F8130F;
			productRefGroup = F49136841EF0098800F8130F /* Products */;
			projectDirPath = "";
			projectRoot = "";
			targets = (
				F49136821EF0098800F8130F /* ScannerBLE */,
			);
		};
/* End PBXProject section */

/* Begin PBXResourcesBuildPhase section */
		F49136811EF0098800F8130F /* Resources */ = {
			isa = PBXResourcesBuildPhase;
			buildActionMask = 2147483647;
			files = (
				F49136911EF0098800F8130F /* LaunchScreen.storyboard in Resources */,
				F491368E1EF0098800F8130F /* Assets.xcassets in Resources */,
				F491368C1EF0098800F8130F /* Main.storyboard in Resources */,
			);
			runOnlyForDeploymentPostprocessing = 0;
		};
/* End PBXResourcesBuildPhase section */

/* Begin PBXSourcesBuildPhase section */
		F491367F1EF0098800F8130F /* Sources */ = {
			isa = PBXSourcesBuildPhase;
			buildActionMask = 2147483647;
			files = (
				F49136A11EF17DA600F8130F /* PulseAnimationExtension.swift in Sources */,
				F491369D1EF1330D00F8130F /* PeripheralConnectedViewController.swift in Sources */,
				F49136991EF00C7000F8130F /* DeviceTableViewCell.swift in Sources */,
				F491369F1EF179E900F8130F /* ServiceTableViewCell.swift in Sources */,
				F4862C891EF2AB8400DCA238 /* scanButton.swift in Sources */,
				F491369B1EF02D6E00F8130F /* PeripheralViewController.swift in Sources */,
				F49136871EF0098800F8130F /* AppDelegate.swift in Sources */,
				F49136A31EF17EA800F8130F /* BluetoothColorExtension.swift in Sources */,
			);
			runOnlyForDeploymentPostprocessing = 0;
		};
/* End PBXSourcesBuildPhase section */

/* Begin PBXVariantGroup section */
		F491368A1EF0098800F8130F /* Main.storyboard */ = {
			isa = PBXVariantGroup;
			children = (
				F491368B1EF0098800F8130F /* Base */,
			);
			name = Main.storyboard;
			sourceTree = "<group>";
		};
		F491368F1EF0098800F8130F /* LaunchScreen.storyboard */ = {
			isa = PBXVariantGroup;
			children = (
				F49136901EF0098800F8130F /* Base */,
			);
			name = LaunchScreen.storyboard;
			sourceTree = "<group>";
		};
/* End PBXVariantGroup section */

/* Begin XCBuildConfiguration section */
		F49136931EF0098800F8130F /* Debug */ = {
			isa = XCBuildConfiguration;
			buildSettings = {
				ALWAYS_SEARCH_USER_PATHS = NO;
				CLANG_ANALYZER_NONNULL = YES;
				CLANG_ANALYZER_NUMBER_OBJECT_CONVERSION = YES_AGGRESSIVE;
				CLANG_CXX_LANGUAGE_STANDARD = "gnu++0x";
				CLANG_CXX_LIBRARY = "libc++";
				CLANG_ENABLE_MODULES = YES;
				CLANG_ENABLE_OBJC_ARC = YES;
				CLANG_WARN_BOOL_CONVERSION = YES;
				CLANG_WARN_CONSTANT_CONVERSION = YES;
				CLANG_WARN_DIRECT_OBJC_ISA_USAGE = YES_ERROR;
				CLANG_WARN_DOCUMENTATION_COMMENTS = YES;
				CLANG_WARN_EMPTY_BODY = YES;
				CLANG_WARN_ENUM_CONVERSION = YES;
				CLANG_WARN_INFINITE_RECURSION = YES;
				CLANG_WARN_INT_CONVERSION = YES;
				CLANG_WARN_OBJC_ROOT_CLASS = YES_ERROR;
				CLANG_WARN_SUSPICIOUS_MOVE = YES;
				CLANG_WARN_UNREACHABLE_CODE = YES;
				CLANG_WARN__DUPLICATE_METHOD_MATCH = YES;
				"CODE_SIGN_IDENTITY[sdk=iphoneos*]" = "iPhone Developer";
				COPY_PHASE_STRIP = NO;
				DEBUG_INFORMATION_FORMAT = dwarf;
				ENABLE_STRICT_OBJC_MSGSEND = YES;
				ENABLE_TESTABILITY = YES;
				GCC_C_LANGUAGE_STANDARD = gnu99;
				GCC_DYNAMIC_NO_PIC = NO;
				GCC_NO_COMMON_BLOCKS = YES;
				GCC_OPTIMIZATION_LEVEL = 0;
				GCC_PREPROCESSOR_DEFINITIONS = (
					"DEBUG=1",
					"$(inherited)",
				);
				GCC_WARN_64_TO_32_BIT_CONVERSION = YES;
				GCC_WARN_ABOUT_RETURN_TYPE = YES_ERROR;
				GCC_WARN_UNDECLARED_SELECTOR = YES;
				GCC_WARN_UNINITIALIZED_AUTOS = YES_AGGRESSIVE;
				GCC_WARN_UNUSED_FUNCTION = YES;
				GCC_WARN_UNUSED_VARIABLE = YES;
				IPHONEOS_DEPLOYMENT_TARGET = 10.3;
				MTL_ENABLE_DEBUG_INFO = YES;
				ONLY_ACTIVE_ARCH = YES;
				SDKROOT = iphoneos;
				SWIFT_ACTIVE_COMPILATION_CONDITIONS = DEBUG;
				SWIFT_OPTIMIZATION_LEVEL = "-Onone";
			};
			name = Debug;
		};
		F49136941EF0098800F8130F /* Release */ = {
			isa = XCBuildConfiguration;
			buildSettings = {
				ALWAYS_SEARCH_USER_PATHS = NO;
				CLANG_ANALYZER_NONNULL = YES;
				CLANG_ANALYZER_NUMBER_OBJECT_CONVERSION = YES_AGGRESSIVE;
				CLANG_CXX_LANGUAGE_STANDARD = "gnu++0x";
				CLANG_CXX_LIBRARY = "libc++";
				CLANG_ENABLE_MODULES = YES;
				CLANG_ENABLE_OBJC_ARC = YES;
				CLANG_WARN_BOOL_CONVERSION = YES;
				CLANG_WARN_CONSTANT_CONVERSION = YES;
				CLANG_WARN_DIRECT_OBJC_ISA_USAGE = YES_ERROR;
				CLANG_WARN_DOCUMENTATION_COMMENTS = YES;
				CLANG_WARN_EMPTY_BODY = YES;
				CLANG_WARN_ENUM_CONVERSION = YES;
				CLANG_WARN_INFINITE_RECURSION = YES;
				CLANG_WARN_INT_CONVERSION = YES;
				CLANG_WARN_OBJC_ROOT_CLASS = YES_ERROR;
				CLANG_WARN_SUSPICIOUS_MOVE = YES;
				CLANG_WARN_UNREACHABLE_CODE = YES;
				CLANG_WARN__DUPLICATE_METHOD_MATCH = YES;
				"CODE_SIGN_IDENTITY[sdk=iphoneos*]" = "iPhone Developer";
				COPY_PHASE_STRIP = NO;
				DEBUG_INFORMATION_FORMAT = "dwarf-with-dsym";
				ENABLE_NS_ASSERTIONS = NO;
				ENABLE_STRICT_OBJC_MSGSEND = YES;
				GCC_C_LANGUAGE_STANDARD = gnu99;
				GCC_NO_COMMON_BLOCKS = YES;
				GCC_WARN_64_TO_32_BIT_CONVERSION = YES;
				GCC_WARN_ABOUT_RETURN_TYPE = YES_ERROR;
				GCC_WARN_UNDECLARED_SELECTOR = YES;
				GCC_WARN_UNINITIALIZED_AUTOS = YES_AGGRESSIVE;
				GCC_WARN_UNUSED_FUNCTION = YES;
				GCC_WARN_UNUSED_VARIABLE = YES;
				IPHONEOS_DEPLOYMENT_TARGET = 10.3;
				MTL_ENABLE_DEBUG_INFO = NO;
				SDKROOT = iphoneos;
				SWIFT_OPTIMIZATION_LEVEL = "-Owholemodule";
				VALIDATE_PRODUCT = YES;
			};
			name = Release;
		};
		F49136961EF0098800F8130F /* Debug */ = {
			isa = XCBuildConfiguration;
			buildSettings = {
				ASSETCATALOG_COMPILER_APPICON_NAME = AppIcon;
				DEVELOPMENT_TEAM = 8524TVVVVK;
				INFOPLIST_FILE = ScannerBLE/Info.plist;
				IPHONEOS_DEPLOYMENT_TARGET = 9.3;
				LD_RUNPATH_SEARCH_PATHS = "$(inherited) @executable_path/Frameworks";
				PRODUCT_BUNDLE_IDENTIFIER = com.orange.ScannerBLE;
				PRODUCT_NAME = "$(TARGET_NAME)";
				SWIFT_VERSION = 3.0;
			};
			name = Debug;
		};
		F49136971EF0098800F8130F /* Release */ = {
			isa = XCBuildConfiguration;
			buildSettings = {
				ASSETCATALOG_COMPILER_APPICON_NAME = AppIcon;
				DEVELOPMENT_TEAM = 8524TVVVVK;
				INFOPLIST_FILE = ScannerBLE/Info.plist;
				IPHONEOS_DEPLOYMENT_TARGET = 9.3;
				LD_RUNPATH_SEARCH_PATHS = "$(inherited) @executable_path/Frameworks";
				PRODUCT_BUNDLE_IDENTIFIER = com.orange.ScannerBLE;
				PRODUCT_NAME = "$(TARGET_NAME)";
				SWIFT_VERSION = 3.0;
			};
			name = Release;
		};
/* End XCBuildConfiguration section */

/* Begin XCConfigurationList section */
		F491367E1EF0098800F8130F /* Build configuration list for PBXProject "ScannerBLE" */ = {
			isa = XCConfigurationList;
			buildConfigurations = (
				F49136931EF0098800F8130F /* Debug */,
				F49136941EF0098800F8130F /* Release */,
			);
			defaultConfigurationIsVisible = 0;
			defaultConfigurationName = Release;
		};
		F49136951EF0098800F8130F /* Build configuration list for PBXNativeTarget "ScannerBLE" */ = {
			isa = XCConfigurationList;
			buildConfigurations = (
				F49136961EF0098800F8130F /* Debug */,
				F49136971EF0098800F8130F /* Release */,
			);
			defaultConfigurationIsVisible = 0;
			defaultConfigurationName = Release;
		};
/* End XCConfigurationList section */
	};
	rootObject = F491367B1EF0098800F8130F /* Project object */;
}
